
Microsoft Visual Studio Solution File, Format Version 12.00
# Visual Studio Version 17
VisualStudioVersion = 17.9.34607.119
MinimumVisualStudioVersion = 10.0.40219.1
Project("{FAE04EC0-301F-11D3-BF4B-00C04F79EFBC}") = "LoopsDemoCSharp-45", "LoopsDemoCSharp-45\LoopsDemoCSharp-45.csproj", "{D39BDB66-6F5B-4889-9BBA-C2229B85BEC2}"
EndProject
Global
	GlobalSection(SolutionConfigurationPlatforms) = preSolution
		Debug|Any CPU = Debug|Any CPU
		Release|Any CPU = Release|Any CPU
	EndGlobalSection
	GlobalSection(ProjectConfigurationPlatforms) = postSolution
		{D39BDB66-6F5B-4889-9BBA-C2229B85BEC2}.Debug|Any CPU.ActiveCfg = Debug|Any CPU
		{D39BDB66-6F5B-4889-9BBA-C2229B85BEC2}.Debug|Any CPU.Build.0 = Debug|Any CPU
		{D39BDB66-6F5B-4889-9BBA-C2229B85BEC2}.Release|Any CPU.ActiveCfg = Release|Any CPU
		{D39BDB66-6F5B-4889-9BBA-C2229B85BEC2}.Release|Any CPU.Build.0 = Release|Any CPU
	EndGlobalSection
	GlobalSection(SolutionProperties) = preSolution
		HideSolutionNode = FALSE
	EndGlobalSection
	GlobalSection(ExtensibilityGlobals) = postSolution
		SolutionGuid = {0C976347-DA85-4C92-B93D-E935D092E23E}
	EndGlobalSection
EndGlobal
